
Microsoft Visual Studio Solution File, Format Version 12.00
Project("{FAE04EC0-301F-11D3-BF4B-00C04F79EFBC}") = "PuppyPlace", "PuppyPlace\PuppyPlace.csproj", "{A8122357-DB1A-420A-8C36-BBC3D6125DA3}"
EndProject
Global
	GlobalSection(SolutionConfigurationPlatforms) = preSolution
		Debug|Any CPU = Debug|Any CPU
		Release|Any CPU = Release|Any CPU
	EndGlobalSection
	GlobalSection(ProjectConfigurationPlatforms) = postSolution
		{A8122357-DB1A-420A-8C36-BBC3D6125DA3}.Debug|Any CPU.ActiveCfg = Debug|Any CPU
		{A8122357-DB1A-420A-8C36-BBC3D6125DA3}.Debug|Any CPU.Build.0 = Debug|Any CPU
		{A8122357-DB1A-420A-8C36-BBC3D6125DA3}.Release|Any CPU.ActiveCfg = Release|Any CPU
		{A8122357-DB1A-420A-8C36-BBC3D6125DA3}.Release|Any CPU.Build.0 = Release|Any CPU
	EndGlobalSection
EndGlobal
